
Microsoft Visual Studio Solution File, Format Version 12.00
# Visual Studio Version 16
VisualStudioVersion = 16.0.30011.22
MinimumVisualStudioVersion = 10.0.40219.1
Project("{9A19103F-16F7-4668-BE54-9A1E7A4F7556}") = "CPRG214.Properties.Domain", "CPRG214.Properties.Domain\CPRG214.Properties.Domain.csproj", "{7CBED8FC-CE1D-4E09-9D41-E256C2813275}"
EndProject
Project("{9A19103F-16F7-4668-BE54-9A1E7A4F7556}") = "CPRG214.Properties.Data", "CPRG214.Properties.Data\CPRG214.Properties.Data.csproj", "{A945D1C3-5977-4BFB-93FE-2D6F74C04062}"
EndProject
Project("{9A19103F-16F7-4668-BE54-9A1E7A4F7556}") = "CPRG214.Properties.BLL", "CPRG214.Properties.BLL\CPRG214.Properties.BLL.csproj", "{601F61F4-1F2C-40DC-A663-DE2606583ED8}"
EndProject
Project("{FAE04EC0-301F-11D3-BF4B-00C04F79EFBC}") = "CPRG214.Properties.Presentation", "CPRG214.Properties.Presentation\CPRG214.Properties.Presentation.csproj", "{EA6F7A57-0F7E-49FD-8AB2-77A2D1E40A26}"
EndProject
Global
	GlobalSection(SolutionConfigurationPlatforms) = preSolution
		Debug|Any CPU = Debug|Any CPU
		Release|Any CPU = Release|Any CPU
	EndGlobalSection
	GlobalSection(ProjectConfigurationPlatforms) = postSolution
		{7CBED8FC-CE1D-4E09-9D41-E256C2813275}.Debug|Any CPU.ActiveCfg = Debug|Any CPU
		{7CBED8FC-CE1D-4E09-9D41-E256C2813275}.Debug|Any CPU.Build.0 = Debug|Any CPU
		{7CBED8FC-CE1D-4E09-9D41-E256C2813275}.Release|Any CPU.ActiveCfg = Release|Any CPU
		{7CBED8FC-CE1D-4E09-9D41-E256C2813275}.Release|Any CPU.Build.0 = Release|Any CPU
		{A945D1C3-5977-4BFB-93FE-2D6F74C04062}.Debug|Any CPU.ActiveCfg = Debug|Any CPU
		{A945D1C3-5977-4BFB-93FE-2D6F74C04062}.Debug|Any CPU.Build.0 = Debug|Any CPU
		{A945D1C3-5977-4BFB-93FE-2D6F74C04062}.Release|Any CPU.ActiveCfg = Release|Any CPU
		{A945D1C3-5977-4BFB-93FE-2D6F74C04062}.Release|Any CPU.Build.0 = Release|Any CPU
		{601F61F4-1F2C-40DC-A663-DE2606583ED8}.Debug|Any CPU.ActiveCfg = Debug|Any CPU
		{601F61F4-1F2C-40DC-A663-DE2606583ED8}.Debug|Any CPU.Build.0 = Debug|Any CPU
		{601F61F4-1F2C-40DC-A663-DE2606583ED8}.Release|Any CPU.ActiveCfg = Release|Any CPU
		{601F61F4-1F2C-40DC-A663-DE2606583ED8}.Release|Any CPU.Build.0 = Release|Any CPU
		{EA6F7A57-0F7E-49FD-8AB2-77A2D1E40A26}.Debug|Any CPU.ActiveCfg = Debug|Any CPU
		{EA6F7A57-0F7E-49FD-8AB2-77A2D1E40A26}.Debug|Any CPU.Build.0 = Debug|Any CPU
		{EA6F7A57-0F7E-49FD-8AB2-77A2D1E40A26}.Release|Any CPU.ActiveCfg = Release|Any CPU
		{EA6F7A57-0F7E-49FD-8AB2-77A2D1E40A26}.Release|Any CPU.Build.0 = Release|Any CPU
	EndGlobalSection
	GlobalSection(SolutionProperties) = preSolution
		HideSolutionNode = FALSE
	EndGlobalSection
	GlobalSection(ExtensibilityGlobals) = postSolution
		SolutionGuid = {A5B88CCB-D182-4CA7-B4A2-F2ACEEE19BB4}
	EndGlobalSection
EndGlobal
